
Microsoft Visual Studio Solution File, Format Version 12.00
# Visual Studio Version 16
VisualStudioVersion = 16.0.31729.503
MinimumVisualStudioVersion = 10.0.40219.1
Project("{FAE04EC0-301F-11D3-BF4B-00C04F79EFBC}") = "T2010A_WAD", "T2010A_WAD\T2010A_WAD.csproj", "{422DB213-4085-4437-89EF-6AF413DCF323}"
EndProject
Global
	GlobalSection(SolutionConfigurationPlatforms) = preSolution
		Debug|Any CPU = Debug|Any CPU
		Release|Any CPU = Release|Any CPU
	EndGlobalSection
	GlobalSection(ProjectConfigurationPlatforms) = postSolution
		{422DB213-4085-4437-89EF-6AF413DCF323}.Debug|Any CPU.ActiveCfg = Debug|Any CPU
		{422DB213-4085-4437-89EF-6AF413DCF323}.Debug|Any CPU.Build.0 = Debug|Any CPU
		{422DB213-4085-4437-89EF-6AF413DCF323}.Release|Any CPU.ActiveCfg = Release|Any CPU
		{422DB213-4085-4437-89EF-6AF413DCF323}.Release|Any CPU.Build.0 = Release|Any CPU
	EndGlobalSection
	GlobalSection(SolutionProperties) = preSolution
		HideSolutionNode = FALSE
	EndGlobalSection
	GlobalSection(ExtensibilityGlobals) = postSolution
		SolutionGuid = {82A07534-C321-474A-AC64-E7813FF18050}
	EndGlobalSection
EndGlobal
